
Microsoft Visual Studio Solution File, Format Version 12.00
# Visual Studio Version 17
VisualStudioVersion = 17.0.31912.275
MinimumVisualStudioVersion = 10.0.40219.1
Project("{FAE04EC0-301F-11D3-BF4B-00C04F79EFBC}") = "DiagramaClaseUML", "DiagramaClaseUML\DiagramaClaseUML.csproj", "{95B56F8A-8CF0-4738-A759-61515CFC6D9C}"
EndProject
Global
	GlobalSection(SolutionConfigurationPlatforms) = preSolution
		Debug|Any CPU = Debug|Any CPU
		Release|Any CPU = Release|Any CPU
	EndGlobalSection
	GlobalSection(ProjectConfigurationPlatforms) = postSolution
		{95B56F8A-8CF0-4738-A759-61515CFC6D9C}.Debug|Any CPU.ActiveCfg = Debug|Any CPU
		{95B56F8A-8CF0-4738-A759-61515CFC6D9C}.Debug|Any CPU.Build.0 = Debug|Any CPU
		{95B56F8A-8CF0-4738-A759-61515CFC6D9C}.Release|Any CPU.ActiveCfg = Release|Any CPU
		{95B56F8A-8CF0-4738-A759-61515CFC6D9C}.Release|Any CPU.Build.0 = Release|Any CPU
	EndGlobalSection
	GlobalSection(SolutionProperties) = preSolution
		HideSolutionNode = FALSE
	EndGlobalSection
	GlobalSection(ExtensibilityGlobals) = postSolution
		SolutionGuid = {3C1CA7F9-E3D5-4281-B7AF-B08BA3A24E52}
	EndGlobalSection
EndGlobal
